// !$*UTF8*$!
{
	archiveVersion = 1;
	classes = {
	};
	objectVersion = 46;
	objects = {

/* Begin PBXBuildFile section */
		5860332F9D44AE9797A1038F /* onegin.jpg in Resources */ = {isa = PBXBuildFile; fileRef = 58603D68AD2ABD4E59E83D71 /* onegin.jpg */; };
		58603AC6363C4DA9C4421062 /* UIColor+Parsable.m in Sources */ = {isa = PBXBuildFile; fileRef = 586030E9188528FD33293AB6 /* UIColor+Parsable.m */; };
		84D44E5219864470007E9357 /* Foundation.framework in Frameworks */ = {isa = PBXBuildFile; fileRef = 84D44E5119864470007E9357 /* Foundation.framework */; };
		84D44E5419864470007E9357 /* CoreGraphics.framework in Frameworks */ = {isa = PBXBuildFile; fileRef = 84D44E5319864470007E9357 /* CoreGraphics.framework */; };
		84D44E5619864470007E9357 /* UIKit.framework in Frameworks */ = {isa = PBXBuildFile; fileRef = 84D44E5519864470007E9357 /* UIKit.framework */; };
		84D44E5C19864470007E9357 /* InfoPlist.strings in Resources */ = {isa = PBXBuildFile; fileRef = 84D44E5A19864470007E9357 /* InfoPlist.strings */; };
		84D44E5E19864470007E9357 /* main.m in Sources */ = {isa = PBXBuildFile; fileRef = 84D44E5D19864470007E9357 /* main.m */; };
		84D44E6219864470007E9357 /* AppDelegate.m in Sources */ = {isa = PBXBuildFile; fileRef = 84D44E6119864470007E9357 /* AppDelegate.m */; };
		84D44E6419864470007E9357 /* Images.xcassets in Resources */ = {isa = PBXBuildFile; fileRef = 84D44E6319864470007E9357 /* Images.xcassets */; };
		84D44E6B19864470007E9357 /* XCTest.framework in Frameworks */ = {isa = PBXBuildFile; fileRef = 84D44E6A19864470007E9357 /* XCTest.framework */; };
		84D44E6C19864470007E9357 /* Foundation.framework in Frameworks */ = {isa = PBXBuildFile; fileRef = 84D44E5119864470007E9357 /* Foundation.framework */; };
		84D44E6D19864470007E9357 /* UIKit.framework in Frameworks */ = {isa = PBXBuildFile; fileRef = 84D44E5519864470007E9357 /* UIKit.framework */; };
		84D44E7519864470007E9357 /* InfoPlist.strings in Resources */ = {isa = PBXBuildFile; fileRef = 84D44E7319864470007E9357 /* InfoPlist.strings */; };
		84D44E7719864470007E9357 /* university_ios_assignment_5Tests.m in Sources */ = {isa = PBXBuildFile; fileRef = 84D44E7619864470007E9357 /* university_ios_assignment_5Tests.m */; };
		84D44E8C19865888007E9357 /* RecursiveVC.m in Sources */ = {isa = PBXBuildFile; fileRef = 84D44E8B19865888007E9357 /* RecursiveVC.m */; };
		84D44E8E19865DF8007E9357 /* RecursiveVC.xib in Resources */ = {isa = PBXBuildFile; fileRef = 84D44E8D19865DF8007E9357 /* RecursiveVC.xib */; };
		84D6D12E1988F647007B81D0 /* ModalVC.m in Sources */ = {isa = PBXBuildFile; fileRef = 84D6D12C1988F647007B81D0 /* ModalVC.m */; };
		84D6D12F1988F647007B81D0 /* ModalVC.xib in Resources */ = {isa = PBXBuildFile; fileRef = 84D6D12D1988F647007B81D0 /* ModalVC.xib */; };
		84F98D391987969D00655726 /* UserShortVC.m in Sources */ = {isa = PBXBuildFile; fileRef = 84F98D371987969D00655726 /* UserShortVC.m */; };
		84F98D3A1987969D00655726 /* UserShortVC.xib in Resources */ = {isa = PBXBuildFile; fileRef = 84F98D381987969D00655726 /* UserShortVC.xib */; };
		84F98D3C19879CDF00655726 /* Localizeable.strings in Resources */ = {isa = PBXBuildFile; fileRef = 84F98D3B19879CDF00655726 /* Localizeable.strings */; };
/* End PBXBuildFile section */

/* Begin PBXContainerItemProxy section */
		84D44E6E19864470007E9357 /* PBXContainerItemProxy */ = {
			isa = PBXContainerItemProxy;
			containerPortal = 84D44E4619864470007E9357 /* Project object */;
			proxyType = 1;
			remoteGlobalIDString = 84D44E4D19864470007E9357;
			remoteInfo = "university-ios-assignment-5";
		};
/* End PBXContainerItemProxy section */

/* Begin PBXFileReference section */
		586030E9188528FD33293AB6 /* UIColor+Parsable.m */ = {isa = PBXFileReference; fileEncoding = 4; lastKnownFileType = sourcecode.c.objc; path = "UIColor+Parsable.m"; sourceTree = "<group>"; };
		586038AB05A4F96CE2D8DFA6 /* UIColor+Parsable.h */ = {isa = PBXFileReference; fileEncoding = 4; lastKnownFileType = sourcecode.c.h; path = "UIColor+Parsable.h"; sourceTree = "<group>"; };
		58603D68AD2ABD4E59E83D71 /* onegin.jpg */ = {isa = PBXFileReference; lastKnownFileType = image.jpeg; path = onegin.jpg; sourceTree = "<group>"; };
		84D44E4E19864470007E9357 /* university-ios-assignment-5.app */ = {isa = PBXFileReference; explicitFileType = wrapper.application; includeInIndex = 0; path = "university-ios-assignment-5.app"; sourceTree = BUILT_PRODUCTS_DIR; };
		84D44E5119864470007E9357 /* Foundation.framework */ = {isa = PBXFileReference; lastKnownFileType = wrapper.framework; name = Foundation.framework; path = System/Library/Frameworks/Foundation.framework; sourceTree = SDKROOT; };
		84D44E5319864470007E9357 /* CoreGraphics.framework */ = {isa = PBXFileReference; lastKnownFileType = wrapper.framework; name = CoreGraphics.framework; path = System/Library/Frameworks/CoreGraphics.framework; sourceTree = SDKROOT; };
		84D44E5519864470007E9357 /* UIKit.framework */ = {isa = PBXFileReference; lastKnownFileType = wrapper.framework; name = UIKit.framework; path = System/Library/Frameworks/UIKit.framework; sourceTree = SDKROOT; };
		84D44E5919864470007E9357 /* university-ios-assignment-5-Info.plist */ = {isa = PBXFileReference; lastKnownFileType = text.plist.xml; path = "university-ios-assignment-5-Info.plist"; sourceTree = "<group>"; };
		84D44E5B19864470007E9357 /* en */ = {isa = PBXFileReference; lastKnownFileType = text.plist.strings; name = en; path = en.lproj/InfoPlist.strings; sourceTree = "<group>"; };
		84D44E5D19864470007E9357 /* main.m */ = {isa = PBXFileReference; lastKnownFileType = sourcecode.c.objc; path = main.m; sourceTree = "<group>"; };
		84D44E5F19864470007E9357 /* university-ios-assignment-5-Prefix.pch */ = {isa = PBXFileReference; lastKnownFileType = sourcecode.c.h; path = "university-ios-assignment-5-Prefix.pch"; sourceTree = "<group>"; };
		84D44E6019864470007E9357 /* AppDelegate.h */ = {isa = PBXFileReference; lastKnownFileType = sourcecode.c.h; path = AppDelegate.h; sourceTree = "<group>"; };
		84D44E6119864470007E9357 /* AppDelegate.m */ = {isa = PBXFileReference; lastKnownFileType = sourcecode.c.objc; path = AppDelegate.m; sourceTree = "<group>"; };
		84D44E6319864470007E9357 /* Images.xcassets */ = {isa = PBXFileReference; lastKnownFileType = folder.assetcatalog; path = Images.xcassets; sourceTree = "<group>"; };
		84D44E6919864470007E9357 /* university-ios-assignment-5Tests.xctest */ = {isa = PBXFileReference; explicitFileType = wrapper.cfbundle; includeInIndex = 0; path = "university-ios-assignment-5Tests.xctest"; sourceTree = BUILT_PRODUCTS_DIR; };
		84D44E6A19864470007E9357 /* XCTest.framework */ = {isa = PBXFileReference; lastKnownFileType = wrapper.framework; name = XCTest.framework; path = Library/Frameworks/XCTest.framework; sourceTree = DEVELOPER_DIR; };
		84D44E7219864470007E9357 /* university-ios-assignment-5Tests-Info.plist */ = {isa = PBXFileReference; lastKnownFileType = text.plist.xml; path = "university-ios-assignment-5Tests-Info.plist"; sourceTree = "<group>"; };
		84D44E7419864470007E9357 /* en */ = {isa = PBXFileReference; lastKnownFileType = text.plist.strings; name = en; path = en.lproj/InfoPlist.strings; sourceTree = "<group>"; };
		84D44E7619864470007E9357 /* university_ios_assignment_5Tests.m */ = {isa = PBXFileReference; lastKnownFileType = sourcecode.c.objc; path = university_ios_assignment_5Tests.m; sourceTree = "<group>"; };
		84D44E8A19865888007E9357 /* RecursiveVC.h */ = {isa = PBXFileReference; fileEncoding = 4; lastKnownFileType = sourcecode.c.h; path = RecursiveVC.h; sourceTree = "<group>"; };
		84D44E8B19865888007E9357 /* RecursiveVC.m */ = {isa = PBXFileReference; fileEncoding = 4; lastKnownFileType = sourcecode.c.objc; path = RecursiveVC.m; sourceTree = "<group>"; };
		84D44E8D19865DF8007E9357 /* RecursiveVC.xib */ = {isa = PBXFileReference; fileEncoding = 4; lastKnownFileType = file.xib; path = RecursiveVC.xib; sourceTree = "<group>"; };
		84D6D12B1988F647007B81D0 /* ModalVC.h */ = {isa = PBXFileReference; fileEncoding = 4; lastKnownFileType = sourcecode.c.h; path = ModalVC.h; sourceTree = "<group>"; };
		84D6D12C1988F647007B81D0 /* ModalVC.m */ = {isa = PBXFileReference; fileEncoding = 4; lastKnownFileType = sourcecode.c.objc; path = ModalVC.m; sourceTree = "<group>"; };
		84D6D12D1988F647007B81D0 /* ModalVC.xib */ = {isa = PBXFileReference; fileEncoding = 4; lastKnownFileType = file.xib; path = ModalVC.xib; sourceTree = "<group>"; };
		84F98D361987969D00655726 /* UserShortVC.h */ = {isa = PBXFileReference; fileEncoding = 4; lastKnownFileType = sourcecode.c.h; path = UserShortVC.h; sourceTree = "<group>"; };
		84F98D371987969D00655726 /* UserShortVC.m */ = {isa = PBXFileReference; fileEncoding = 4; lastKnownFileType = sourcecode.c.objc; path = UserShortVC.m; sourceTree = "<group>"; };
		84F98D381987969D00655726 /* UserShortVC.xib */ = {isa = PBXFileReference; fileEncoding = 4; lastKnownFileType = file.xib; path = UserShortVC.xib; sourceTree = "<group>"; };
		84F98D3B19879CDF00655726 /* Localizeable.strings */ = {isa = PBXFileReference; fileEncoding = 4; lastKnownFileType = text.plist.strings; path = Localizeable.strings; sourceTree = "<group>"; };
/* End PBXFileReference section */

/* Begin PBXFrameworksBuildPhase section */
		84D44E4B19864470007E9357 /* Frameworks */ = {
			isa = PBXFrameworksBuildPhase;
			buildActionMask = 2147483647;
			files = (
				84D44E5419864470007E9357 /* CoreGraphics.framework in Frameworks */,
				84D44E5619864470007E9357 /* UIKit.framework in Frameworks */,
				84D44E5219864470007E9357 /* Foundation.framework in Frameworks */,
			);
			runOnlyForDeploymentPostprocessing = 0;
		};
		84D44E6619864470007E9357 /* Frameworks */ = {
			isa = PBXFrameworksBuildPhase;
			buildActionMask = 2147483647;
			files = (
				84D44E6B19864470007E9357 /* XCTest.framework in Frameworks */,
				84D44E6D19864470007E9357 /* UIKit.framework in Frameworks */,
				84D44E6C19864470007E9357 /* Foundation.framework in Frameworks */,
			);
			runOnlyForDeploymentPostprocessing = 0;
		};
/* End PBXFrameworksBuildPhase section */

/* Begin PBXGroup section */
		84D44E4519864470007E9357 = {
			isa = PBXGroup;
			children = (
				84D44E5719864470007E9357 /* university-ios-assignment-5 */,
				84D44E7019864470007E9357 /* university-ios-assignment-5Tests */,
				84D44E5019864470007E9357 /* Frameworks */,
				84D44E4F19864470007E9357 /* Products */,
			);
			sourceTree = "<group>";
		};
		84D44E4F19864470007E9357 /* Products */ = {
			isa = PBXGroup;
			children = (
				84D44E4E19864470007E9357 /* university-ios-assignment-5.app */,
				84D44E6919864470007E9357 /* university-ios-assignment-5Tests.xctest */,
			);
			name = Products;
			sourceTree = "<group>";
		};
		84D44E5019864470007E9357 /* Frameworks */ = {
			isa = PBXGroup;
			children = (
				84D44E5119864470007E9357 /* Foundation.framework */,
				84D44E5319864470007E9357 /* CoreGraphics.framework */,
				84D44E5519864470007E9357 /* UIKit.framework */,
				84D44E6A19864470007E9357 /* XCTest.framework */,
			);
			name = Frameworks;
			sourceTree = "<group>";
		};
		84D44E5719864470007E9357 /* university-ios-assignment-5 */ = {
			isa = PBXGroup;
			children = (
				84D44E6019864470007E9357 /* AppDelegate.h */,
				84D44E6119864470007E9357 /* AppDelegate.m */,
				84D44E6319864470007E9357 /* Images.xcassets */,
				84D44E5819864470007E9357 /* Supporting Files */,
				84D44E8D19865DF8007E9357 /* RecursiveVC.xib */,
				84D44E8A19865888007E9357 /* RecursiveVC.h */,
				84D44E8B19865888007E9357 /* RecursiveVC.m */,
				84F98D361987969D00655726 /* UserShortVC.h */,
				84F98D371987969D00655726 /* UserShortVC.m */,
				84F98D381987969D00655726 /* UserShortVC.xib */,
				84F98D3B19879CDF00655726 /* Localizeable.strings */,
				586030E9188528FD33293AB6 /* UIColor+Parsable.m */,
				586038AB05A4F96CE2D8DFA6 /* UIColor+Parsable.h */,
				58603D68AD2ABD4E59E83D71 /* onegin.jpg */,
				84D6D12B1988F647007B81D0 /* ModalVC.h */,
				84D6D12C1988F647007B81D0 /* ModalVC.m */,
				84D6D12D1988F647007B81D0 /* ModalVC.xib */,
			);
			path = "university-ios-assignment-5";
			sourceTree = "<group>";
		};
		84D44E5819864470007E9357 /* Supporting Files */ = {
			isa = PBXGroup;
			children = (
				84D44E5919864470007E9357 /* university-ios-assignment-5-Info.plist */,
				84D44E5A19864470007E9357 /* InfoPlist.strings */,
				84D44E5D19864470007E9357 /* main.m */,
				84D44E5F19864470007E9357 /* university-ios-assignment-5-Prefix.pch */,
			);
			name = "Supporting Files";
			sourceTree = "<group>";
		};
		84D44E7019864470007E9357 /* university-ios-assignment-5Tests */ = {
			isa = PBXGroup;
			children = (
				84D44E7619864470007E9357 /* university_ios_assignment_5Tests.m */,
				84D44E7119864470007E9357 /* Supporting Files */,
			);
			path = "university-ios-assignment-5Tests";
			sourceTree = "<group>";
		};
		84D44E7119864470007E9357 /* Supporting Files */ = {
			isa = PBXGroup;
			children = (
				84D44E7219864470007E9357 /* university-ios-assignment-5Tests-Info.plist */,
				84D44E7319864470007E9357 /* InfoPlist.strings */,
			);
			name = "Supporting Files";
			sourceTree = "<group>";
		};
/* End PBXGroup section */

/* Begin PBXNativeTarget section */
		84D44E4D19864470007E9357 /* university-ios-assignment-5 */ = {
			isa = PBXNativeTarget;
			buildConfigurationList = 84D44E7A19864470007E9357 /* Build configuration list for PBXNativeTarget "university-ios-assignment-5" */;
			buildPhases = (
				84D44E4A19864470007E9357 /* Sources */,
				84D44E4B19864470007E9357 /* Frameworks */,
				84D44E4C19864470007E9357 /* Resources */,
			);
			buildRules = (
			);
			dependencies = (
			);
			name = "university-ios-assignment-5";
			productName = "university-ios-assignment-5";
			productReference = 84D44E4E19864470007E9357 /* university-ios-assignment-5.app */;
			productType = "com.apple.product-type.application";
		};
		84D44E6819864470007E9357 /* university-ios-assignment-5Tests */ = {
			isa = PBXNativeTarget;
			buildConfigurationList = 84D44E7D19864470007E9357 /* Build configuration list for PBXNativeTarget "university-ios-assignment-5Tests" */;
			buildPhases = (
				84D44E6519864470007E9357 /* Sources */,
				84D44E6619864470007E9357 /* Frameworks */,
				84D44E6719864470007E9357 /* Resources */,
			);
			buildRules = (
			);
			dependencies = (
				84D44E6F19864470007E9357 /* PBXTargetDependency */,
			);
			name = "university-ios-assignment-5Tests";
			productName = "university-ios-assignment-5Tests";
			productReference = 84D44E6919864470007E9357 /* university-ios-assignment-5Tests.xctest */;
			productType = "com.apple.product-type.bundle.unit-test";
		};
/* End PBXNativeTarget section */

/* Begin PBXProject section */
		84D44E4619864470007E9357 /* Project object */ = {
			isa = PBXProject;
			attributes = {
				LastUpgradeCheck = 0510;
				ORGANIZATIONNAME = "Horns and hooves";
				TargetAttributes = {
					84D44E6819864470007E9357 = {
						TestTargetID = 84D44E4D19864470007E9357;
					};
				};
			};
			buildConfigurationList = 84D44E4919864470007E9357 /* Build configuration list for PBXProject "university-ios-assignment-5" */;
			compatibilityVersion = "Xcode 3.2";
			developmentRegion = English;
			hasScannedForEncodings = 0;
			knownRegions = (
				en,
			);
			mainGroup = 84D44E4519864470007E9357;
			productRefGroup = 84D44E4F19864470007E9357 /* Products */;
			projectDirPath = "";
			projectRoot = "";
			targets = (
				84D44E4D19864470007E9357 /* university-ios-assignment-5 */,
				84D44E6819864470007E9357 /* university-ios-assignment-5Tests */,
			);
		};
/* End PBXProject section */

/* Begin PBXResourcesBuildPhase section */
		84D44E4C19864470007E9357 /* Resources */ = {
			isa = PBXResourcesBuildPhase;
			buildActionMask = 2147483647;
			files = (
				84F98D3A1987969D00655726 /* UserShortVC.xib in Resources */,
				84F98D3C19879CDF00655726 /* Localizeable.strings in Resources */,
				84D44E5C19864470007E9357 /* InfoPlist.strings in Resources */,
				84D44E8E19865DF8007E9357 /* RecursiveVC.xib in Resources */,
				84D6D12F1988F647007B81D0 /* ModalVC.xib in Resources */,
				84D44E6419864470007E9357 /* Images.xcassets in Resources */,
				5860332F9D44AE9797A1038F /* onegin.jpg in Resources */,
			);
			runOnlyForDeploymentPostprocessing = 0;
		};
		84D44E6719864470007E9357 /* Resources */ = {
			isa = PBXResourcesBuildPhase;
			buildActionMask = 2147483647;
			files = (
				84D44E7519864470007E9357 /* InfoPlist.strings in Resources */,
			);
			runOnlyForDeploymentPostprocessing = 0;
		};
/* End PBXResourcesBuildPhase section */

/* Begin PBXSourcesBuildPhase section */
		84D44E4A19864470007E9357 /* Sources */ = {
			isa = PBXSourcesBuildPhase;
			buildActionMask = 2147483647;
			files = (
				84D6D12E1988F647007B81D0 /* ModalVC.m in Sources */,
				84F98D391987969D00655726 /* UserShortVC.m in Sources */,
				84D44E8C19865888007E9357 /* RecursiveVC.m in Sources */,
				84D44E6219864470007E9357 /* AppDelegate.m in Sources */,
				84D44E5E19864470007E9357 /* main.m in Sources */,
				58603AC6363C4DA9C4421062 /* UIColor+Parsable.m in Sources */,
			);
			runOnlyForDeploymentPostprocessing = 0;
		};
		84D44E6519864470007E9357 /* Sources */ = {
			isa = PBXSourcesBuildPhase;
			buildActionMask = 2147483647;
			files = (
				84D44E7719864470007E9357 /* university_ios_assignment_5Tests.m in Sources */,
			);
			runOnlyForDeploymentPostprocessing = 0;
		};
/* End PBXSourcesBuildPhase section */

/* Begin PBXTargetDependency section */
		84D44E6F19864470007E9357 /* PBXTargetDependency */ = {
			isa = PBXTargetDependency;
			target = 84D44E4D19864470007E9357 /* university-ios-assignment-5 */;
			targetProxy = 84D44E6E19864470007E9357 /* PBXContainerItemProxy */;
		};
/* End PBXTargetDependency section */

/* Begin PBXVariantGroup section */
		84D44E5A19864470007E9357 /* InfoPlist.strings */ = {
			isa = PBXVariantGroup;
			children = (
				84D44E5B19864470007E9357 /* en */,
			);
			name = InfoPlist.strings;
			sourceTree = "<group>";
		};
		84D44E7319864470007E9357 /* InfoPlist.strings */ = {
			isa = PBXVariantGroup;
			children = (
				84D44E7419864470007E9357 /* en */,
			);
			name = InfoPlist.strings;
			sourceTree = "<group>";
		};
/* End PBXVariantGroup section */

/* Begin XCBuildConfiguration section */
		84D44E7819864470007E9357 /* Debug */ = {
			isa = XCBuildConfiguration;
			buildSettings = {
				ALWAYS_SEARCH_USER_PATHS = NO;
				CLANG_CXX_LANGUAGE_STANDARD = "gnu++0x";
				CLANG_CXX_LIBRARY = "libc++";
				CLANG_ENABLE_MODULES = YES;
				CLANG_ENABLE_OBJC_ARC = YES;
				CLANG_WARN_BOOL_CONVERSION = YES;
				CLANG_WARN_CONSTANT_CONVERSION = YES;
				CLANG_WARN_DIRECT_OBJC_ISA_USAGE = YES_ERROR;
				CLANG_WARN_EMPTY_BODY = YES;
				CLANG_WARN_ENUM_CONVERSION = YES;
				CLANG_WARN_INT_CONVERSION = YES;
				CLANG_WARN_OBJC_ROOT_CLASS = YES_ERROR;
				CLANG_WARN__DUPLICATE_METHOD_MATCH = YES;
				"CODE_SIGN_IDENTITY[sdk=iphoneos*]" = "iPhone Developer";
				COPY_PHASE_STRIP = NO;
				GCC_C_LANGUAGE_STANDARD = gnu99;
				GCC_DYNAMIC_NO_PIC = NO;
				GCC_OPTIMIZATION_LEVEL = 0;
				GCC_PREPROCESSOR_DEFINITIONS = (
					"DEBUG=1",
					"$(inherited)",
				);
				GCC_SYMBOLS_PRIVATE_EXTERN = NO;
				GCC_WARN_64_TO_32_BIT_CONVERSION = YES;
				GCC_WARN_ABOUT_RETURN_TYPE = YES_ERROR;
				GCC_WARN_UNDECLARED_SELECTOR = YES;
				GCC_WARN_UNINITIALIZED_AUTOS = YES_AGGRESSIVE;
				GCC_WARN_UNUSED_FUNCTION = YES;
				GCC_WARN_UNUSED_VARIABLE = YES;
				IPHONEOS_DEPLOYMENT_TARGET = 7.1;
				ONLY_ACTIVE_ARCH = YES;
				SDKROOT = iphoneos;
				TARGETED_DEVICE_FAMILY = "1,2";
			};
			name = Debug;
		};
		84D44E7919864470007E9357 /* Release */ = {
			isa = XCBuildConfiguration;
			buildSettings = {
				ALWAYS_SEARCH_USER_PATHS = NO;
				CLANG_CXX_LANGUAGE_STANDARD = "gnu++0x";
				CLANG_CXX_LIBRARY = "libc++";
				CLANG_ENABLE_MODULES = YES;
				CLANG_ENABLE_OBJC_ARC = YES;
				CLANG_WARN_BOOL_CONVERSION = YES;
				CLANG_WARN_CONSTANT_CONVERSION = YES;
				CLANG_WARN_DIRECT_OBJC_ISA_USAGE = YES_ERROR;
				CLANG_WARN_EMPTY_BODY = YES;
				CLANG_WARN_ENUM_CONVERSION = YES;
				CLANG_WARN_INT_CONVERSION = YES;
				CLANG_WARN_OBJC_ROOT_CLASS = YES_ERROR;
				CLANG_WARN__DUPLICATE_METHOD_MATCH = YES;
				"CODE_SIGN_IDENTITY[sdk=iphoneos*]" = "iPhone Developer";
				COPY_PHASE_STRIP = YES;
				ENABLE_NS_ASSERTIONS = NO;
				GCC_C_LANGUAGE_STANDARD = gnu99;
				GCC_WARN_64_TO_32_BIT_CONVERSION = YES;
				GCC_WARN_ABOUT_RETURN_TYPE = YES_ERROR;
				GCC_WARN_UNDECLARED_SELECTOR = YES;
				GCC_WARN_UNINITIALIZED_AUTOS = YES_AGGRESSIVE;
				GCC_WARN_UNUSED_FUNCTION = YES;
				GCC_WARN_UNUSED_VARIABLE = YES;
				IPHONEOS_DEPLOYMENT_TARGET = 7.1;
				SDKROOT = iphoneos;
				TARGETED_DEVICE_FAMILY = "1,2";
				VALIDATE_PRODUCT = YES;
			};
			name = Release;
		};
		84D44E7B19864470007E9357 /* Debug */ = {
			isa = XCBuildConfiguration;
			buildSettings = {
				ASSETCATALOG_COMPILER_APPICON_NAME = AppIcon;
				ASSETCATALOG_COMPILER_LAUNCHIMAGE_NAME = LaunchImage;
				CODE_SIGN_IDENTITY = "iPhone Developer";
				GCC_PRECOMPILE_PREFIX_HEADER = YES;
				GCC_PREFIX_HEADER = "university-ios-assignment-5/university-ios-assignment-5-Prefix.pch";
				INFOPLIST_FILE = "university-ios-assignment-5/university-ios-assignment-5-Info.plist";
				PRODUCT_NAME = "$(TARGET_NAME)";
				TARGETED_DEVICE_FAMILY = "1,2";
				WRAPPER_EXTENSION = app;
			};
			name = Debug;
		};
		84D44E7C19864470007E9357 /* Release */ = {
			isa = XCBuildConfiguration;
			buildSettings = {
				ASSETCATALOG_COMPILER_APPICON_NAME = AppIcon;
				ASSETCATALOG_COMPILER_LAUNCHIMAGE_NAME = LaunchImage;
				CODE_SIGN_IDENTITY = "iPhone Developer";
				GCC_PRECOMPILE_PREFIX_HEADER = YES;
				GCC_PREFIX_HEADER = "university-ios-assignment-5/university-ios-assignment-5-Prefix.pch";
				INFOPLIST_FILE = "university-ios-assignment-5/university-ios-assignment-5-Info.plist";
				PRODUCT_NAME = "$(TARGET_NAME)";
				TARGETED_DEVICE_FAMILY = "1,2";
				WRAPPER_EXTENSION = app;
			};
			name = Release;
		};
		84D44E7E19864470007E9357 /* Debug */ = {
			isa = XCBuildConfiguration;
			buildSettings = {
				BUNDLE_LOADER = "$(BUILT_PRODUCTS_DIR)/university-ios-assignment-5.app/university-ios-assignment-5";
				FRAMEWORK_SEARCH_PATHS = (
					"$(SDKROOT)/Developer/Library/Frameworks",
					"$(inherited)",
					"$(DEVELOPER_FRAMEWORKS_DIR)",
				);
				GCC_PRECOMPILE_PREFIX_HEADER = YES;
				GCC_PREFIX_HEADER = "university-ios-assignment-5/university-ios-assignment-5-Prefix.pch";
				GCC_PREPROCESSOR_DEFINITIONS = (
					"DEBUG=1",
					"$(inherited)",
				);
				INFOPLIST_FILE = "university-ios-assignment-5Tests/university-ios-assignment-5Tests-Info.plist";
				PRODUCT_NAME = "$(TARGET_NAME)";
				TEST_HOST = "$(BUNDLE_LOADER)";
				WRAPPER_EXTENSION = xctest;
			};
			name = Debug;
		};
		84D44E7F19864470007E9357 /* Release */ = {
			isa = XCBuildConfiguration;
			buildSettings = {
				BUNDLE_LOADER = "$(BUILT_PRODUCTS_DIR)/university-ios-assignment-5.app/university-ios-assignment-5";
				FRAMEWORK_SEARCH_PATHS = (
					"$(SDKROOT)/Developer/Library/Frameworks",
					"$(inherited)",
					"$(DEVELOPER_FRAMEWORKS_DIR)",
				);
				GCC_PRECOMPILE_PREFIX_HEADER = YES;
				GCC_PREFIX_HEADER = "university-ios-assignment-5/university-ios-assignment-5-Prefix.pch";
				INFOPLIST_FILE = "university-ios-assignment-5Tests/university-ios-assignment-5Tests-Info.plist";
				PRODUCT_NAME = "$(TARGET_NAME)";
				TEST_HOST = "$(BUNDLE_LOADER)";
				WRAPPER_EXTENSION = xctest;
			};
			name = Release;
		};
/* End XCBuildConfiguration section */

/* Begin XCConfigurationList section */
		84D44E4919864470007E9357 /* Build configuration list for PBXProject "university-ios-assignment-5" */ = {
			isa = XCConfigurationList;
			buildConfigurations = (
				84D44E7819864470007E9357 /* Debug */,
				84D44E7919864470007E9357 /* Release */,
			);
			defaultConfigurationIsVisible = 0;
			defaultConfigurationName = Release;
		};
		84D44E7A19864470007E9357 /* Build configuration list for PBXNativeTarget "university-ios-assignment-5" */ = {
			isa = XCConfigurationList;
			buildConfigurations = (
				84D44E7B19864470007E9357 /* Debug */,
				84D44E7C19864470007E9357 /* Release */,
			);
			defaultConfigurationIsVisible = 0;
			defaultConfigurationName = Release;
		};
		84D44E7D19864470007E9357 /* Build configuration list for PBXNativeTarget "university-ios-assignment-5Tests" */ = {
			isa = XCConfigurationList;
			buildConfigurations = (
				84D44E7E19864470007E9357 /* Debug */,
				84D44E7F19864470007E9357 /* Release */,
			);
			defaultConfigurationIsVisible = 0;
			defaultConfigurationName = Release;
		};
/* End XCConfigurationList section */
	};
	rootObject = 84D44E4619864470007E9357 /* Project object */;
}
